// !$*UTF8*$!
{
	archiveVersion = 1;
	classes = {
	};
	objectVersion = 50;
	objects = {

/* Begin PBXBuildFile section */
		DB47FC52245A8144001D7F7E /* AppDelegate.swift in Sources */ = {isa = PBXBuildFile; fileRef = DB47FC51245A8144001D7F7E /* AppDelegate.swift */; };
		DB47FC54245A8144001D7F7E /* SceneDelegate.swift in Sources */ = {isa = PBXBuildFile; fileRef = DB47FC53245A8144001D7F7E /* SceneDelegate.swift */; };
		DB47FC56245A8144001D7F7E /* ViewController.swift in Sources */ = {isa = PBXBuildFile; fileRef = DB47FC55245A8144001D7F7E /* ViewController.swift */; };
		DB47FC59245A8144001D7F7E /* Main.storyboard in Resources */ = {isa = PBXBuildFile; fileRef = DB47FC57245A8144001D7F7E /* Main.storyboard */; };
		DB47FC5B245A8146001D7F7E /* Assets.xcassets in Resources */ = {isa = PBXBuildFile; fileRef = DB47FC5A245A8146001D7F7E /* Assets.xcassets */; };
		DB47FC5E245A8146001D7F7E /* LaunchScreen.storyboard in Resources */ = {isa = PBXBuildFile; fileRef = DB47FC5C245A8146001D7F7E /* LaunchScreen.storyboard */; };
		DB47FC69245A8146001D7F7E /* ConcentrationTests.swift in Sources */ = {isa = PBXBuildFile; fileRef = DB47FC68245A8146001D7F7E /* ConcentrationTests.swift */; };
		DB47FC74245A8147001D7F7E /* ConcentrationUITests.swift in Sources */ = {isa = PBXBuildFile; fileRef = DB47FC73245A8147001D7F7E /* ConcentrationUITests.swift */; };
		DB47FC82245A9CB1001D7F7E /* Concentration.swift in Sources */ = {isa = PBXBuildFile; fileRef = DB47FC81245A9CB0001D7F7E /* Concentration.swift */; };
		DB47FC84245A9D9F001D7F7E /* Card.swift in Sources */ = {isa = PBXBuildFile; fileRef = DB47FC83245A9D9F001D7F7E /* Card.swift */; };
/* End PBXBuildFile section */

/* Begin PBXContainerItemProxy section */
		DB47FC65245A8146001D7F7E /* PBXContainerItemProxy */ = {
			isa = PBXContainerItemProxy;
			containerPortal = DB47FC46245A8144001D7F7E /* Project object */;
			proxyType = 1;
			remoteGlobalIDString = DB47FC4D245A8144001D7F7E;
			remoteInfo = Concentration;
		};
		DB47FC70245A8147001D7F7E /* PBXContainerItemProxy */ = {
			isa = PBXContainerItemProxy;
			containerPortal = DB47FC46245A8144001D7F7E /* Project object */;
			proxyType = 1;
			remoteGlobalIDString = DB47FC4D245A8144001D7F7E;
			remoteInfo = Concentration;
		};
/* End PBXContainerItemProxy section */

/* Begin PBXFileReference section */
		DB47FC4E245A8144001D7F7E /* Concentration.app */ = {isa = PBXFileReference; explicitFileType = wrapper.application; includeInIndex = 0; path = Concentration.app; sourceTree = BUILT_PRODUCTS_DIR; };
		DB47FC51245A8144001D7F7E /* AppDelegate.swift */ = {isa = PBXFileReference; lastKnownFileType = sourcecode.swift; path = AppDelegate.swift; sourceTree = "<group>"; };
		DB47FC53245A8144001D7F7E /* SceneDelegate.swift */ = {isa = PBXFileReference; lastKnownFileType = sourcecode.swift; path = SceneDelegate.swift; sourceTree = "<group>"; };
		DB47FC55245A8144001D7F7E /* ViewController.swift */ = {isa = PBXFileReference; lastKnownFileType = sourcecode.swift; path = ViewController.swift; sourceTree = "<group>"; };
		DB47FC58245A8144001D7F7E /* Base */ = {isa = PBXFileReference; lastKnownFileType = file.storyboard; name = Base; path = Base.lproj/Main.storyboard; sourceTree = "<group>"; };
		DB47FC5A245A8146001D7F7E /* Assets.xcassets */ = {isa = PBXFileReference; lastKnownFileType = folder.assetcatalog; path = Assets.xcassets; sourceTree = "<group>"; };
		DB47FC5D245A8146001D7F7E /* Base */ = {isa = PBXFileReference; lastKnownFileType = file.storyboard; name = Base; path = Base.lproj/LaunchScreen.storyboard; sourceTree = "<group>"; };
		DB47FC5F245A8146001D7F7E /* Info.plist */ = {isa = PBXFileReference; lastKnownFileType = text.plist.xml; path = Info.plist; sourceTree = "<group>"; };
		DB47FC64245A8146001D7F7E /* ConcentrationTests.xctest */ = {isa = PBXFileReference; explicitFileType = wrapper.cfbundle; includeInIndex = 0; path = ConcentrationTests.xctest; sourceTree = BUILT_PRODUCTS_DIR; };
		DB47FC68245A8146001D7F7E /* ConcentrationTests.swift */ = {isa = PBXFileReference; lastKnownFileType = sourcecode.swift; path = ConcentrationTests.swift; sourceTree = "<group>"; };
		DB47FC6A245A8146001D7F7E /* Info.plist */ = {isa = PBXFileReference; lastKnownFileType = text.plist.xml; path = Info.plist; sourceTree = "<group>"; };
		DB47FC6F245A8147001D7F7E /* ConcentrationUITests.xctest */ = {isa = PBXFileReference; explicitFileType = wrapper.cfbundle; includeInIndex = 0; path = ConcentrationUITests.xctest; sourceTree = BUILT_PRODUCTS_DIR; };
		DB47FC73245A8147001D7F7E /* ConcentrationUITests.swift */ = {isa = PBXFileReference; lastKnownFileType = sourcecode.swift; path = ConcentrationUITests.swift; sourceTree = "<group>"; };
		DB47FC75245A8147001D7F7E /* Info.plist */ = {isa = PBXFileReference; lastKnownFileType = text.plist.xml; path = Info.plist; sourceTree = "<group>"; };
		DB47FC81245A9CB0001D7F7E /* Concentration.swift */ = {isa = PBXFileReference; lastKnownFileType = sourcecode.swift; path = Concentration.swift; sourceTree = SOURCE_ROOT; };
		DB47FC83245A9D9F001D7F7E /* Card.swift */ = {isa = PBXFileReference; lastKnownFileType = sourcecode.swift; path = Card.swift; sourceTree = "<group>"; };
/* End PBXFileReference section */

/* Begin PBXFrameworksBuildPhase section */
		DB47FC4B245A8144001D7F7E /* Frameworks */ = {
			isa = PBXFrameworksBuildPhase;
			buildActionMask = 2147483647;
			files = (
			);
			runOnlyForDeploymentPostprocessing = 0;
		};
		DB47FC61245A8146001D7F7E /* Frameworks */ = {
			isa = PBXFrameworksBuildPhase;
			buildActionMask = 2147483647;
			files = (
			);
			runOnlyForDeploymentPostprocessing = 0;
		};
		DB47FC6C245A8147001D7F7E /* Frameworks */ = {
			isa = PBXFrameworksBuildPhase;
			buildActionMask = 2147483647;
			files = (
			);
			runOnlyForDeploymentPostprocessing = 0;
		};
/* End PBXFrameworksBuildPhase section */

/* Begin PBXGroup section */
		DB47FC45245A8144001D7F7E = {
			isa = PBXGroup;
			children = (
				DB47FC50245A8144001D7F7E /* Concentration */,
				DB47FC67245A8146001D7F7E /* ConcentrationTests */,
				DB47FC72245A8147001D7F7E /* ConcentrationUITests */,
				DB47FC4F245A8144001D7F7E /* Products */,
			);
			sourceTree = "<group>";
		};
		DB47FC4F245A8144001D7F7E /* Products */ = {
			isa = PBXGroup;
			children = (
				DB47FC4E245A8144001D7F7E /* Concentration.app */,
				DB47FC64245A8146001D7F7E /* ConcentrationTests.xctest */,
				DB47FC6F245A8147001D7F7E /* ConcentrationUITests.xctest */,
			);
			name = Products;
			sourceTree = "<group>";
		};
		DB47FC50245A8144001D7F7E /* Concentration */ = {
			isa = PBXGroup;
			children = (
				DB47FC51245A8144001D7F7E /* AppDelegate.swift */,
				DB47FC81245A9CB0001D7F7E /* Concentration.swift */,
				DB47FC83245A9D9F001D7F7E /* Card.swift */,
				DB47FC53245A8144001D7F7E /* SceneDelegate.swift */,
				DB47FC55245A8144001D7F7E /* ViewController.swift */,
				DB47FC57245A8144001D7F7E /* Main.storyboard */,
				DB47FC5A245A8146001D7F7E /* Assets.xcassets */,
				DB47FC5C245A8146001D7F7E /* LaunchScreen.storyboard */,
				DB47FC5F245A8146001D7F7E /* Info.plist */,
			);
			path = Concentration;
			sourceTree = "<group>";
		};
		DB47FC67245A8146001D7F7E /* ConcentrationTests */ = {
			isa = PBXGroup;
			children = (
				DB47FC68245A8146001D7F7E /* ConcentrationTests.swift */,
				DB47FC6A245A8146001D7F7E /* Info.plist */,
			);
			path = ConcentrationTests;
			sourceTree = "<group>";
		};
		DB47FC72245A8147001D7F7E /* ConcentrationUITests */ = {
			isa = PBXGroup;
			children = (
				DB47FC73245A8147001D7F7E /* ConcentrationUITests.swift */,
				DB47FC75245A8147001D7F7E /* Info.plist */,
			);
			path = ConcentrationUITests;
			sourceTree = "<group>";
		};
/* End PBXGroup section */

/* Begin PBXNativeTarget section */
		DB47FC4D245A8144001D7F7E /* Concentration */ = {
			isa = PBXNativeTarget;
			buildConfigurationList = DB47FC78245A8147001D7F7E /* Build configuration list for PBXNativeTarget "Concentration" */;
			buildPhases = (
				DB47FC4A245A8144001D7F7E /* Sources */,
				DB47FC4B245A8144001D7F7E /* Frameworks */,
				DB47FC4C245A8144001D7F7E /* Resources */,
			);
			buildRules = (
			);
			dependencies = (
			);
			name = Concentration;
			productName = Concentration;
			productReference = DB47FC4E245A8144001D7F7E /* Concentration.app */;
			productType = "com.apple.product-type.application";
		};
		DB47FC63245A8146001D7F7E /* ConcentrationTests */ = {
			isa = PBXNativeTarget;
			buildConfigurationList = DB47FC7B245A8147001D7F7E /* Build configuration list for PBXNativeTarget "ConcentrationTests" */;
			buildPhases = (
				DB47FC60245A8146001D7F7E /* Sources */,
				DB47FC61245A8146001D7F7E /* Frameworks */,
				DB47FC62245A8146001D7F7E /* Resources */,
			);
			buildRules = (
			);
			dependencies = (
				DB47FC66245A8146001D7F7E /* PBXTargetDependency */,
			);
			name = ConcentrationTests;
			productName = ConcentrationTests;
			productReference = DB47FC64245A8146001D7F7E /* ConcentrationTests.xctest */;
			productType = "com.apple.product-type.bundle.unit-test";
		};
		DB47FC6E245A8147001D7F7E /* ConcentrationUITests */ = {
			isa = PBXNativeTarget;
			buildConfigurationList = DB47FC7E245A8147001D7F7E /* Build configuration list for PBXNativeTarget "ConcentrationUITests" */;
			buildPhases = (
				DB47FC6B245A8147001D7F7E /* Sources */,
				DB47FC6C245A8147001D7F7E /* Frameworks */,
				DB47FC6D245A8147001D7F7E /* Resources */,
			);
			buildRules = (
			);
			dependencies = (
				DB47FC71245A8147001D7F7E /* PBXTargetDependency */,
			);
			name = ConcentrationUITests;
			productName = ConcentrationUITests;
			productReference = DB47FC6F245A8147001D7F7E /* ConcentrationUITests.xctest */;
			productType = "com.apple.product-type.bundle.ui-testing";
		};
/* End PBXNativeTarget section */

/* Begin PBXProject section */
		DB47FC46245A8144001D7F7E /* Project object */ = {
			isa = PBXProject;
			attributes = {
				LastSwiftUpdateCheck = 1130;
				LastUpgradeCheck = 1130;
				ORGANIZATIONNAME = "Vijay Raja";
				TargetAttributes = {
					DB47FC4D245A8144001D7F7E = {
						CreatedOnToolsVersion = 11.3.1;
					};
					DB47FC63245A8146001D7F7E = {
						CreatedOnToolsVersion = 11.3.1;
						TestTargetID = DB47FC4D245A8144001D7F7E;
					};
					DB47FC6E245A8147001D7F7E = {
						CreatedOnToolsVersion = 11.3.1;
						TestTargetID = DB47FC4D245A8144001D7F7E;
					};
				};
			};
			buildConfigurationList = DB47FC49245A8144001D7F7E /* Build configuration list for PBXProject "Concentration" */;
			compatibilityVersion = "Xcode 9.3";
			developmentRegion = en;
			hasScannedForEncodings = 0;
			knownRegions = (
				en,
				Base,
			);
			mainGroup = DB47FC45245A8144001D7F7E;
			productRefGroup = DB47FC4F245A8144001D7F7E /* Products */;
			projectDirPath = "";
			projectRoot = "";
			targets = (
				DB47FC4D245A8144001D7F7E /* Concentration */,
				DB47FC63245A8146001D7F7E /* ConcentrationTests */,
				DB47FC6E245A8147001D7F7E /* ConcentrationUITests */,
			);
		};
/* End PBXProject section */

/* Begin PBXResourcesBuildPhase section */
		DB47FC4C245A8144001D7F7E /* Resources */ = {
			isa = PBXResourcesBuildPhase;
			buildActionMask = 2147483647;
			files = (
				DB47FC5E245A8146001D7F7E /* LaunchScreen.storyboard in Resources */,
				DB47FC5B245A8146001D7F7E /* Assets.xcassets in Resources */,
				DB47FC59245A8144001D7F7E /* Main.storyboard in Resources */,
			);
			runOnlyForDeploymentPostprocessing = 0;
		};
		DB47FC62245A8146001D7F7E /* Resources */ = {
			isa = PBXResourcesBuildPhase;
			buildActionMask = 2147483647;
			files = (
			);
			runOnlyForDeploymentPostprocessing = 0;
		};
		DB47FC6D245A8147001D7F7E /* Resources */ = {
			isa = PBXResourcesBuildPhase;
			buildActionMask = 2147483647;
			files = (
			);
			runOnlyForDeploymentPostprocessing = 0;
		};
/* End PBXResourcesBuildPhase section */

/* Begin PBXSourcesBuildPhase section */
		DB47FC4A245A8144001D7F7E /* Sources */ = {
			isa = PBXSourcesBuildPhase;
			buildActionMask = 2147483647;
			files = (
				DB47FC56245A8144001D7F7E /* ViewController.swift in Sources */,
				DB47FC82245A9CB1001D7F7E /* Concentration.swift in Sources */,
				DB47FC84245A9D9F001D7F7E /* Card.swift in Sources */,
				DB47FC52245A8144001D7F7E /* AppDelegate.swift in Sources */,
				DB47FC54245A8144001D7F7E /* SceneDelegate.swift in Sources */,
			);
			runOnlyForDeploymentPostprocessing = 0;
		};
		DB47FC60245A8146001D7F7E /* Sources */ = {
			isa = PBXSourcesBuildPhase;
			buildActionMask = 2147483647;
			files = (
				DB47FC69245A8146001D7F7E /* ConcentrationTests.swift in Sources */,
			);
			runOnlyForDeploymentPostprocessing = 0;
		};
		DB47FC6B245A8147001D7F7E /* Sources */ = {
			isa = PBXSourcesBuildPhase;
			buildActionMask = 2147483647;
			files = (
				DB47FC74245A8147001D7F7E /* ConcentrationUITests.swift in Sources */,
			);
			runOnlyForDeploymentPostprocessing = 0;
		};
/* End PBXSourcesBuildPhase section */

/* Begin PBXTargetDependency section */
		DB47FC66245A8146001D7F7E /* PBXTargetDependency */ = {
			isa = PBXTargetDependency;
			target = DB47FC4D245A8144001D7F7E /* Concentration */;
			targetProxy = DB47FC65245A8146001D7F7E /* PBXContainerItemProxy */;
		};
		DB47FC71245A8147001D7F7E /* PBXTargetDependency */ = {
			isa = PBXTargetDependency;
			target = DB47FC4D245A8144001D7F7E /* Concentration */;
			targetProxy = DB47FC70245A8147001D7F7E /* PBXContainerItemProxy */;
		};
/* End PBXTargetDependency section */

/* Begin PBXVariantGroup section */
		DB47FC57245A8144001D7F7E /* Main.storyboard */ = {
			isa = PBXVariantGroup;
			children = (
				DB47FC58245A8144001D7F7E /* Base */,
			);
			name = Main.storyboard;
			sourceTree = "<group>";
		};
		DB47FC5C245A8146001D7F7E /* LaunchScreen.storyboard */ = {
			isa = PBXVariantGroup;
			children = (
				DB47FC5D245A8146001D7F7E /* Base */,
			);
			name = LaunchScreen.storyboard;
			sourceTree = "<group>";
		};
/* End PBXVariantGroup section */

/* Begin XCBuildConfiguration section */
		DB47FC76245A8147001D7F7E /* Debug */ = {
			isa = XCBuildConfiguration;
			buildSettings = {
				ALWAYS_SEARCH_USER_PATHS = NO;
				CLANG_ANALYZER_NONNULL = YES;
				CLANG_ANALYZER_NUMBER_OBJECT_CONVERSION = YES_AGGRESSIVE;
				CLANG_CXX_LANGUAGE_STANDARD = "gnu++14";
				CLANG_CXX_LIBRARY = "libc++";
				CLANG_ENABLE_MODULES = YES;
				CLANG_ENABLE_OBJC_ARC = YES;
				CLANG_ENABLE_OBJC_WEAK = YES;
				CLANG_WARN_BLOCK_CAPTURE_AUTORELEASING = YES;
				CLANG_WARN_BOOL_CONVERSION = YES;
				CLANG_WARN_COMMA = YES;
				CLANG_WARN_CONSTANT_CONVERSION = YES;
				CLANG_WARN_DEPRECATED_OBJC_IMPLEMENTATIONS = YES;
				CLANG_WARN_DIRECT_OBJC_ISA_USAGE = YES_ERROR;
				CLANG_WARN_DOCUMENTATION_COMMENTS = YES;
				CLANG_WARN_EMPTY_BODY = YES;
				CLANG_WARN_ENUM_CONVERSION = YES;
				CLANG_WARN_INFINITE_RECURSION = YES;
				CLANG_WARN_INT_CONVERSION = YES;
				CLANG_WARN_NON_LITERAL_NULL_CONVERSION = YES;
				CLANG_WARN_OBJC_IMPLICIT_RETAIN_SELF = YES;
				CLANG_WARN_OBJC_LITERAL_CONVERSION = YES;
				CLANG_WARN_OBJC_ROOT_CLASS = YES_ERROR;
				CLANG_WARN_RANGE_LOOP_ANALYSIS = YES;
				CLANG_WARN_STRICT_PROTOTYPES = YES;
				CLANG_WARN_SUSPICIOUS_MOVE = YES;
				CLANG_WARN_UNGUARDED_AVAILABILITY = YES_AGGRESSIVE;
				CLANG_WARN_UNREACHABLE_CODE = YES;
				CLANG_WARN__DUPLICATE_METHOD_MATCH = YES;
				COPY_PHASE_STRIP = NO;
				DEBUG_INFORMATION_FORMAT = dwarf;
				ENABLE_STRICT_OBJC_MSGSEND = YES;
				ENABLE_TESTABILITY = YES;
				GCC_C_LANGUAGE_STANDARD = gnu11;
				GCC_DYNAMIC_NO_PIC = NO;
				GCC_NO_COMMON_BLOCKS = YES;
				GCC_OPTIMIZATION_LEVEL = 0;
				GCC_PREPROCESSOR_DEFINITIONS = (
					"DEBUG=1",
					"$(inherited)",
				);
				GCC_WARN_64_TO_32_BIT_CONVERSION = YES;
				GCC_WARN_ABOUT_RETURN_TYPE = YES_ERROR;
				GCC_WARN_UNDECLARED_SELECTOR = YES;
				GCC_WARN_UNINITIALIZED_AUTOS = YES_AGGRESSIVE;
				GCC_WARN_UNUSED_FUNCTION = YES;
				GCC_WARN_UNUSED_VARIABLE = YES;
				IPHONEOS_DEPLOYMENT_TARGET = 13.2;
				MTL_ENABLE_DEBUG_INFO = INCLUDE_SOURCE;
				MTL_FAST_MATH = YES;
				ONLY_ACTIVE_ARCH = YES;
				SDKROOT = iphoneos;
				SWIFT_ACTIVE_COMPILATION_CONDITIONS = DEBUG;
				SWIFT_OPTIMIZATION_LEVEL = "-Onone";
			};
			name = Debug;
		};
		DB47FC77245A8147001D7F7E /* Release */ = {
			isa = XCBuildConfiguration;
			buildSettings = {
				ALWAYS_SEARCH_USER_PATHS = NO;
				CLANG_ANALYZER_NONNULL = YES;
				CLANG_ANALYZER_NUMBER_OBJECT_CONVERSION = YES_AGGRESSIVE;
				CLANG_CXX_LANGUAGE_STANDARD = "gnu++14";
				CLANG_CXX_LIBRARY = "libc++";
				CLANG_ENABLE_MODULES = YES;
				CLANG_ENABLE_OBJC_ARC = YES;
				CLANG_ENABLE_OBJC_WEAK = YES;
				CLANG_WARN_BLOCK_CAPTURE_AUTORELEASING = YES;
				CLANG_WARN_BOOL_CONVERSION = YES;
				CLANG_WARN_COMMA = YES;
				CLANG_WARN_CONSTANT_CONVERSION = YES;
				CLANG_WARN_DEPRECATED_OBJC_IMPLEMENTATIONS = YES;
				CLANG_WARN_DIRECT_OBJC_ISA_USAGE = YES_ERROR;
				CLANG_WARN_DOCUMENTATION_COMMENTS = YES;
				CLANG_WARN_EMPTY_BODY = YES;
				CLANG_WARN_ENUM_CONVERSION = YES;
				CLANG_WARN_INFINITE_RECURSION = YES;
				CLANG_WARN_INT_CONVERSION = YES;
				CLANG_WARN_NON_LITERAL_NULL_CONVERSION = YES;
				CLANG_WARN_OBJC_IMPLICIT_RETAIN_SELF = YES;
				CLANG_WARN_OBJC_LITERAL_CONVERSION = YES;
				CLANG_WARN_OBJC_ROOT_CLASS = YES_ERROR;
				CLANG_WARN_RANGE_LOOP_ANALYSIS = YES;
				CLANG_WARN_STRICT_PROTOTYPES = YES;
				CLANG_WARN_SUSPICIOUS_MOVE = YES;
				CLANG_WARN_UNGUARDED_AVAILABILITY = YES_AGGRESSIVE;
				CLANG_WARN_UNREACHABLE_CODE = YES;
				CLANG_WARN__DUPLICATE_METHOD_MATCH = YES;
				COPY_PHASE_STRIP = NO;
				DEBUG_INFORMATION_FORMAT = "dwarf-with-dsym";
				ENABLE_NS_ASSERTIONS = NO;
				ENABLE_STRICT_OBJC_MSGSEND = YES;
				GCC_C_LANGUAGE_STANDARD = gnu11;
				GCC_NO_COMMON_BLOCKS = YES;
				GCC_WARN_64_TO_32_BIT_CONVERSION = YES;
				GCC_WARN_ABOUT_RETURN_TYPE = YES_ERROR;
				GCC_WARN_UNDECLARED_SELECTOR = YES;
				GCC_WARN_UNINITIALIZED_AUTOS = YES_AGGRESSIVE;
				GCC_WARN_UNUSED_FUNCTION = YES;
				GCC_WARN_UNUSED_VARIABLE = YES;
				IPHONEOS_DEPLOYMENT_TARGET = 13.2;
				MTL_ENABLE_DEBUG_INFO = NO;
				MTL_FAST_MATH = YES;
				SDKROOT = iphoneos;
				SWIFT_COMPILATION_MODE = wholemodule;
				SWIFT_OPTIMIZATION_LEVEL = "-O";
				VALIDATE_PRODUCT = YES;
			};
			name = Release;
		};
		DB47FC79245A8147001D7F7E /* Debug */ = {
			isa = XCBuildConfiguration;
			buildSettings = {
				ASSETCATALOG_COMPILER_APPICON_NAME = AppIcon;
				CODE_SIGN_STYLE = Automatic;
				INFOPLIST_FILE = Concentration/Info.plist;
				IPHONEOS_DEPLOYMENT_TARGET = 13.2;
				LD_RUNPATH_SEARCH_PATHS = (
					"$(inherited)",
					"@executable_path/Frameworks",
				);
				PRODUCT_BUNDLE_IDENTIFIER = com.training.Concentration;
				PRODUCT_NAME = "$(TARGET_NAME)";
				SWIFT_VERSION = 5.0;
				TARGETED_DEVICE_FAMILY = 1;
			};
			name = Debug;
		};
		DB47FC7A245A8147001D7F7E /* Release */ = {
			isa = XCBuildConfiguration;
			buildSettings = {
				ASSETCATALOG_COMPILER_APPICON_NAME = AppIcon;
				CODE_SIGN_STYLE = Automatic;
				INFOPLIST_FILE = Concentration/Info.plist;
				IPHONEOS_DEPLOYMENT_TARGET = 13.2;
				LD_RUNPATH_SEARCH_PATHS = (
					"$(inherited)",
					"@executable_path/Frameworks",
				);
				PRODUCT_BUNDLE_IDENTIFIER = com.training.Concentration;
				PRODUCT_NAME = "$(TARGET_NAME)";
				SWIFT_VERSION = 5.0;
				TARGETED_DEVICE_FAMILY = 1;
			};
			name = Release;
		};
		DB47FC7C245A8147001D7F7E /* Debug */ = {
			isa = XCBuildConfiguration;
			buildSettings = {
				ALWAYS_EMBED_SWIFT_STANDARD_LIBRARIES = YES;
				BUNDLE_LOADER = "$(TEST_HOST)";
				CODE_SIGN_STYLE = Automatic;
				INFOPLIST_FILE = ConcentrationTests/Info.plist;
				IPHONEOS_DEPLOYMENT_TARGET = 13.2;
				LD_RUNPATH_SEARCH_PATHS = (
					"$(inherited)",
					"@executable_path/Frameworks",
					"@loader_path/Frameworks",
				);
				PRODUCT_BUNDLE_IDENTIFIER = com.training.ConcentrationTests;
				PRODUCT_NAME = "$(TARGET_NAME)";
				SWIFT_VERSION = 5.0;
				TARGETED_DEVICE_FAMILY = "1,2";
				TEST_HOST = "$(BUILT_PRODUCTS_DIR)/Concentration.app/Concentration";
			};
			name = Debug;
		};
		DB47FC7D245A8147001D7F7E /* Release */ = {
			isa = XCBuildConfiguration;
			buildSettings = {
				ALWAYS_EMBED_SWIFT_STANDARD_LIBRARIES = YES;
				BUNDLE_LOADER = "$(TEST_HOST)";
				CODE_SIGN_STYLE = Automatic;
				INFOPLIST_FILE = ConcentrationTests/Info.plist;
				IPHONEOS_DEPLOYMENT_TARGET = 13.2;
				LD_RUNPATH_SEARCH_PATHS = (
					"$(inherited)",
					"@executable_path/Frameworks",
					"@loader_path/Frameworks",
				);
				PRODUCT_BUNDLE_IDENTIFIER = com.training.ConcentrationTests;
				PRODUCT_NAME = "$(TARGET_NAME)";
				SWIFT_VERSION = 5.0;
				TARGETED_DEVICE_FAMILY = "1,2";
				TEST_HOST = "$(BUILT_PRODUCTS_DIR)/Concentration.app/Concentration";
			};
			name = Release;
		};
		DB47FC7F245A8147001D7F7E /* Debug */ = {
			isa = XCBuildConfiguration;
			buildSettings = {
				ALWAYS_EMBED_SWIFT_STANDARD_LIBRARIES = YES;
				CODE_SIGN_STYLE = Automatic;
				INFOPLIST_FILE = ConcentrationUITests/Info.plist;
				LD_RUNPATH_SEARCH_PATHS = (
					"$(inherited)",
					"@executable_path/Frameworks",
					"@loader_path/Frameworks",
				);
				PRODUCT_BUNDLE_IDENTIFIER = com.training.ConcentrationUITests;
				PRODUCT_NAME = "$(TARGET_NAME)";
				SWIFT_VERSION = 5.0;
				TARGETED_DEVICE_FAMILY = "1,2";
				TEST_TARGET_NAME = Concentration;
			};
			name = Debug;
		};
		DB47FC80245A8147001D7F7E /* Release */ = {
			isa = XCBuildConfiguration;
			buildSettings = {
				ALWAYS_EMBED_SWIFT_STANDARD_LIBRARIES = YES;
				CODE_SIGN_STYLE = Automatic;
				INFOPLIST_FILE = ConcentrationUITests/Info.plist;
				LD_RUNPATH_SEARCH_PATHS = (
					"$(inherited)",
					"@executable_path/Frameworks",
					"@loader_path/Frameworks",
				);
				PRODUCT_BUNDLE_IDENTIFIER = com.training.ConcentrationUITests;
				PRODUCT_NAME = "$(TARGET_NAME)";
				SWIFT_VERSION = 5.0;
				TARGETED_DEVICE_FAMILY = "1,2";
				TEST_TARGET_NAME = Concentration;
			};
			name = Release;
		};
/* End XCBuildConfiguration section */

/* Begin XCConfigurationList section */
		DB47FC49245A8144001D7F7E /* Build configuration list for PBXProject "Concentration" */ = {
			isa = XCConfigurationList;
			buildConfigurations = (
				DB47FC76245A8147001D7F7E /* Debug */,
				DB47FC77245A8147001D7F7E /* Release */,
			);
			defaultConfigurationIsVisible = 0;
			defaultConfigurationName = Release;
		};
		DB47FC78245A8147001D7F7E /* Build configuration list for PBXNativeTarget "Concentration" */ = {
			isa = XCConfigurationList;
			buildConfigurations = (
				DB47FC79245A8147001D7F7E /* Debug */,
				DB47FC7A245A8147001D7F7E /* Release */,
			);
			defaultConfigurationIsVisible = 0;
			defaultConfigurationName = Release;
		};
		DB47FC7B245A8147001D7F7E /* Build configuration list for PBXNativeTarget "ConcentrationTests" */ = {
			isa = XCConfigurationList;
			buildConfigurations = (
				DB47FC7C245A8147001D7F7E /* Debug */,
				DB47FC7D245A8147001D7F7E /* Release */,
			);
			defaultConfigurationIsVisible = 0;
			defaultConfigurationName = Release;
		};
		DB47FC7E245A8147001D7F7E /* Build configuration list for PBXNativeTarget "ConcentrationUITests" */ = {
			isa = XCConfigurationList;
			buildConfigurations = (
				DB47FC7F245A8147001D7F7E /* Debug */,
				DB47FC80245A8147001D7F7E /* Release */,
			);
			defaultConfigurationIsVisible = 0;
			defaultConfigurationName = Release;
		};
/* End XCConfigurationList section */
	};
	rootObject = DB47FC46245A8144001D7F7E /* Project object */;
}
